# This file is automatically @generated by Cargo.
# It is not intended for manual editing.
[[package]]
name = "kanji-xcompose"
version = "0.1.0"
dependencies = [
 "roxmltree 0.13.0 (registry+https://github.com/rust-lang/crates.io-index)",
]

[[package]]
name = "roxmltree"
version = "0.13.0"
source = "registry+https://github.com/rust-lang/crates.io-index"
dependencies = [
 "xmlparser 0.13.3 (registry+https://github.com/rust-lang/crates.io-index)",
]

[[package]]
name = "xmlparser"
version = "0.13.3"
source = "registry+https://github.com/rust-lang/crates.io-index"

[metadata]
"checksum roxmltree 0.13.0 (registry+https://github.com/rust-lang/crates.io-index)" = "17dfc6c39f846bfc7d2ec442ad12055d79608d501380789b965d22f9354451f2"
"checksum xmlparser 0.13.3 (registry+https://github.com/rust-lang/crates.io-index)" = "114ba2b24d2167ef6d67d7d04c8cc86522b87f490025f39f0303b7db5bf5e3d8"
